
Microsoft Visual Studio Solution File, Format Version 12.00
# Visual Studio Version 17
VisualStudioVersion = 17.4.33205.214
MinimumVisualStudioVersion = 10.0.40219.1
Project("{9A19103F-16F7-4668-BE54-9A1E7A4F7556}") = "MoviesManagement.Domain", "MoviesManagement.Domain\MoviesManagement.Domain.csproj", "{C8003E5D-59E1-401D-B933-5D41CDC28DD2}"
EndProject
Project("{9A19103F-16F7-4668-BE54-9A1E7A4F7556}") = "MoviesManagement.Application", "MoviesManagement.Application\MoviesManagement.Application.csproj", "{AE675EC2-5E24-4CE3-971A-A78A42BC9B61}"
EndProject
Global
	GlobalSection(SolutionConfigurationPlatforms) = preSolution
		Debug|Any CPU = Debug|Any CPU
		Release|Any CPU = Release|Any CPU
	EndGlobalSection
	GlobalSection(ProjectConfigurationPlatforms) = postSolution
		{C8003E5D-59E1-401D-B933-5D41CDC28DD2}.Debug|Any CPU.ActiveCfg = Debug|Any CPU
		{C8003E5D-59E1-401D-B933-5D41CDC28DD2}.Debug|Any CPU.Build.0 = Debug|Any CPU
		{C8003E5D-59E1-401D-B933-5D41CDC28DD2}.Release|Any CPU.ActiveCfg = Release|Any CPU
		{C8003E5D-59E1-401D-B933-5D41CDC28DD2}.Release|Any CPU.Build.0 = Release|Any CPU
		{AE675EC2-5E24-4CE3-971A-A78A42BC9B61}.Debug|Any CPU.ActiveCfg = Debug|Any CPU
		{AE675EC2-5E24-4CE3-971A-A78A42BC9B61}.Debug|Any CPU.Build.0 = Debug|Any CPU
		{AE675EC2-5E24-4CE3-971A-A78A42BC9B61}.Release|Any CPU.ActiveCfg = Release|Any CPU
		{AE675EC2-5E24-4CE3-971A-A78A42BC9B61}.Release|Any CPU.Build.0 = Release|Any CPU
	EndGlobalSection
	GlobalSection(SolutionProperties) = preSolution
		HideSolutionNode = FALSE
	EndGlobalSection
	GlobalSection(ExtensibilityGlobals) = postSolution
		SolutionGuid = {E716DE6F-F27F-44BB-B44F-1BD7A017F4C0}
	EndGlobalSection
EndGlobal
