
Microsoft Visual Studio Solution File, Format Version 12.00
# Visual Studio Version 17
VisualStudioVersion = 17.4.33205.214
MinimumVisualStudioVersion = 10.0.40219.1
Project("{2150E333-8FDC-42A3-9474-1A3956D46DE8}") = "src", "src", "{B6936C4B-9B9A-477D-87B1-989E1723CBD9}"
EndProject
Project("{9A19103F-16F7-4668-BE54-9A1E7A4F7556}") = "MoviesManagement.Application", "src\MoviesManagement.Application\MoviesManagement.Application.csproj", "{2183202A-7DE4-4BAF-AF55-474A3DEAF8F0}"
EndProject
Project("{9A19103F-16F7-4668-BE54-9A1E7A4F7556}") = "MoviesManagement.Domain", "src\MoviesManagement.Domain\MoviesManagement.Domain.csproj", "{3D23C628-4871-4AB4-9BEC-102CC72D900A}"
EndProject
Project("{2150E333-8FDC-42A3-9474-1A3956D46DE8}") = "tests", "tests", "{CC51C457-0A95-40D4-9187-0616695411A9}"
EndProject
Global
	GlobalSection(SolutionConfigurationPlatforms) = preSolution
		Debug|Any CPU = Debug|Any CPU
		Release|Any CPU = Release|Any CPU
	EndGlobalSection
	GlobalSection(ProjectConfigurationPlatforms) = postSolution
		{2183202A-7DE4-4BAF-AF55-474A3DEAF8F0}.Debug|Any CPU.ActiveCfg = Debug|Any CPU
		{2183202A-7DE4-4BAF-AF55-474A3DEAF8F0}.Debug|Any CPU.Build.0 = Debug|Any CPU
		{2183202A-7DE4-4BAF-AF55-474A3DEAF8F0}.Release|Any CPU.ActiveCfg = Release|Any CPU
		{2183202A-7DE4-4BAF-AF55-474A3DEAF8F0}.Release|Any CPU.Build.0 = Release|Any CPU
		{3D23C628-4871-4AB4-9BEC-102CC72D900A}.Debug|Any CPU.ActiveCfg = Debug|Any CPU
		{3D23C628-4871-4AB4-9BEC-102CC72D900A}.Debug|Any CPU.Build.0 = Debug|Any CPU
		{3D23C628-4871-4AB4-9BEC-102CC72D900A}.Release|Any CPU.ActiveCfg = Release|Any CPU
		{3D23C628-4871-4AB4-9BEC-102CC72D900A}.Release|Any CPU.Build.0 = Release|Any CPU
	EndGlobalSection
	GlobalSection(SolutionProperties) = preSolution
		HideSolutionNode = FALSE
	EndGlobalSection
	GlobalSection(NestedProjects) = preSolution
		{2183202A-7DE4-4BAF-AF55-474A3DEAF8F0} = {B6936C4B-9B9A-477D-87B1-989E1723CBD9}
		{3D23C628-4871-4AB4-9BEC-102CC72D900A} = {B6936C4B-9B9A-477D-87B1-989E1723CBD9}
	EndGlobalSection
	GlobalSection(ExtensibilityGlobals) = postSolution
		SolutionGuid = {E716DE6F-F27F-44BB-B44F-1BD7A017F4C0}
	EndGlobalSection
EndGlobal
